PODS:
  - Alamofire (4.3.0)
  - AlamofireImage (3.2.0):
    - Alamofire (~> 4.1)
  - Bolts (1.8.4):
    - Bolts/AppLinks (= 1.8.4)
    - Bolts/Tasks (= 1.8.4)
  - Bolts/AppLinks (1.8.4):
    - Bolts/Tasks
  - Bolts/Tasks (1.8.4)
  - DropDown (2)
  - ElValidator (1.1.2)
  - FBSDKCoreKit (4.19.0):
    - Bolts (~> 1.7)
  - FBSDKLoginKit (4.19.0):
    - FBSDKCoreKit
  - FBSDKShareKit (4.19.0):
    - FBSDKCoreKit
  - Firebase/Core (3.12.0):
    - FirebaseAnalytics (= 3.6.0)
    - FirebaseCore (= 3.4.7)
  - FirebaseAnalytics (3.6.0):
    - FirebaseCore (~> 3.4)
    - FirebaseInstanceID (~> 1.0)
    - GoogleInterchangeUtilities (~> 1.2)
    - GoogleSymbolUtilities (~> 1.1)
    - GoogleToolboxForMac/NSData+zlib (~> 2.1)
  - FirebaseCore (3.4.7):
    - GoogleInterchangeUtilities (~> 1.2)
    - GoogleSymbolUtilities (~> 1.1)
    - GoogleToolboxForMac/NSData+zlib (~> 2.1)
  - FirebaseInstanceID (1.0.8)
  - GoogleInterchangeUtilities (1.2.2):
    - GoogleSymbolUtilities (~> 1.1)
  - GoogleSymbolUtilities (1.1.2)
  - GoogleToolboxForMac/Defines (2.1.1)
  - GoogleToolboxForMac/NSData+zlib (2.1.1):
    - GoogleToolboxForMac/Defines (= 2.1.1)
  - HTagView (2.1.1)
  - ImageSlideshow (1.0.0):
    - ImageSlideshow/Core (= 1.0.0)
  - ImageSlideshow/Alamofire (1.0.0):
    - AlamofireImage (~> 3.0)
    - ImageSlideshow/Core
  - ImageSlideshow/Core (1.0.0)
  - IQKeyboardManagerSwift (4.0.8)
  - PureLayout (3.0.2)
  - RAMAnimatedTabBarController (2.0.13)
  - SearchTextField (1.0.4)
  - SharkORM (2.1.1)
  - Stripe (9.4.0)
  - SwiftSpinner (1.1.0)
  - SwiftyJSON (3.1.4)

DEPENDENCIES:
  - Alamofire (~> 4.3)
  - AlamofireImage (~> 3.1)
  - DropDown
  - ElValidator
  - FBSDKCoreKit
  - FBSDKLoginKit
  - FBSDKShareKit
  - Firebase/Core
  - HTagView
  - ImageSlideshow (~> 1.0.0)
  - ImageSlideshow/Alamofire
  - IQKeyboardManagerSwift
  - PureLayout (~> 3.0.2)
  - RAMAnimatedTabBarController (~> 2.0.13)
  - SearchTextField
  - SharkORM
  - Stripe
  - SwiftSpinner
  - SwiftyJSON (from `https://github.com/SwiftyJSON/SwiftyJSON.git`)

EXTERNAL SOURCES:
  SwiftyJSON:
    :git: https://github.com/SwiftyJSON/SwiftyJSON.git

CHECKOUT OPTIONS:
  SwiftyJSON:
    :commit: adf34cfb4c9f2ff4e3c420c6d9fb1e2eaf3b3791
    :git: https://github.com/SwiftyJSON/SwiftyJSON.git

SPEC CHECKSUMS:
  Alamofire: 856a113053a7bc9cbe5d6367a555d773fc5cfef7
  AlamofireImage: 157ed682cc81d3b9db4fb90c1f12180ac552d93b
  Bolts: 8a7995239dbe724f9cba2248b766d48b7ebdd322
  DropDown: 744784d9c9aa505100e942c16acd05430cbb2f0a
  ElValidator: ee1cc9daba7bc816691d717e29bd528bc6eff967
  FBSDKCoreKit: 894b2b6eda6a4c8c4204e92e59cc355709ef045c
  FBSDKLoginKit: 83ca4d8f12a2022570af9fd6aacf27f6b425b99f
  FBSDKShareKit: 5953758366278430dc322d5cdc906db361ed7f81
  Firebase: 8e99eb1ff553ad5bcc6072cc3d925bb89c1244d6
  FirebaseAnalytics: 9c67af0ebeb8d2146c9b4ea2616439affa947b58
  FirebaseCore: 46afaf2c2e0419ea7d3acfb08cf26a461a75fe85
  FirebaseInstanceID: ba1e640935235e5fac39dfa816fe7660e72e1a8a
  GoogleInterchangeUtilities: d5bc4d88d5b661ab72f9d70c58d02ca8c27ad1f7
  GoogleSymbolUtilities: 631ee17048aa5e9ab133470d768ea997a5ef9b96
  GoogleToolboxForMac: 8e329f1b599f2512c6b10676d45736bcc2cbbeb0
  HTagView: 1fd0b80e7a9326fbe22e2a6a7c8b3230baaff8b8
  ImageSlideshow: 2787e10e202b79ecf5348a205c539fcc5bb8e62b
  IQKeyboardManagerSwift: c04bc9f68473823f825eb44d958fce98d921bead
  PureLayout: 4d550abe49a94f24c2808b9b95db9131685fe4cd
  RAMAnimatedTabBarController: 2510f3b66954c3f77ea1042a35d34df8f5f3b604
  SearchTextField: 211b82b521d867d609a4df07f47e0bcc65b1559d
  SharkORM: 272d0e4fa7ecd0dd4ee20a1ab040ca5a3be18949
  Stripe: 0957cc85df5c3df153e6fb44d307ea4b778b6bd1
  SwiftSpinner: c03815614599b91eea46594bd52ba742849d0414
  SwiftyJSON: 05cf0e98a950e2ba343735264f5a96b81e755d00

PODFILE CHECKSUM: 8961ee1c6223de3dd16d652b9defa95ecda94bbb

COCOAPODS: 1.2.0
