// !$*UTF8*$!
{
	archiveVersion = 1;
	classes = {
	};
	objectVersion = 46;
	objects = {

/* Begin PBXBuildFile section */
		8FF31AA71E4DE7AD003F3CFF /* AppDelegate.swift in Sources */ = {isa = PBXBuildFile; fileRef = 8FF31AA61E4DE7AD003F3CFF /* AppDelegate.swift */; };
		8FF31AAE1E4DE7AD003F3CFF /* Main.storyboard in Resources */ = {isa = PBXBuildFile; fileRef = 8FF31AAC1E4DE7AD003F3CFF /* Main.storyboard */; };
		8FF31AB01E4DE7AD003F3CFF /* Assets.xcassets in Resources */ = {isa = PBXBuildFile; fileRef = 8FF31AAF1E4DE7AD003F3CFF /* Assets.xcassets */; };
		8FF31AB31E4DE7AD003F3CFF /* LaunchScreen.storyboard in Resources */ = {isa = PBXBuildFile; fileRef = 8FF31AB11E4DE7AD003F3CFF /* LaunchScreen.storyboard */; };
		8FF31ABE1E4DE7AD003F3CFF /* SubterminalTests.swift in Sources */ = {isa = PBXBuildFile; fileRef = 8FF31ABD1E4DE7AD003F3CFF /* SubterminalTests.swift */; };
		8FF31AC91E4DE7AD003F3CFF /* SubterminalUITests.swift in Sources */ = {isa = PBXBuildFile; fileRef = 8FF31AC81E4DE7AD003F3CFF /* SubterminalUITests.swift */; };
		8FF31ADA1E4E0BA0003F3CFF /* SkydiveTableViewCell.swift in Sources */ = {isa = PBXBuildFile; fileRef = 8FF31AD91E4E0BA0003F3CFF /* SkydiveTableViewCell.swift */; };
		8FF31ADD1E4E0E67003F3CFF /* SkydiveTableViewController.swift in Sources */ = {isa = PBXBuildFile; fileRef = 8FF31ADC1E4E0E67003F3CFF /* SkydiveTableViewController.swift */; };
		8FF31AE01E4E0EA9003F3CFF /* Skydive.swift in Sources */ = {isa = PBXBuildFile; fileRef = 8FF31ADF1E4E0EA9003F3CFF /* Skydive.swift */; };
		8FF31AE21E4E27A4003F3CFF /* Rig.swift in Sources */ = {isa = PBXBuildFile; fileRef = 8FF31AE11E4E27A4003F3CFF /* Rig.swift */; };
		8FF31AE51E4E2A4D003F3CFF /* SkydiveForm.swift in Sources */ = {isa = PBXBuildFile; fileRef = 8FF31AE41E4E2A4D003F3CFF /* SkydiveForm.swift */; };
		8FF31AE71E4E2B53003F3CFF /* BaseForm.swift in Sources */ = {isa = PBXBuildFile; fileRef = 8FF31AE61E4E2B53003F3CFF /* BaseForm.swift */; };
		8FF31AEA1E4E2BAC003F3CFF /* GearForm.swift in Sources */ = {isa = PBXBuildFile; fileRef = 8FF31AE91E4E2BAC003F3CFF /* GearForm.swift */; };
/* End PBXBuildFile section */

/* Begin PBXContainerItemProxy section */
		8FF31ABA1E4DE7AD003F3CFF /* PBXContainerItemProxy */ = {
			isa = PBXContainerItemProxy;
			containerPortal = 8FF31A9B1E4DE7AD003F3CFF /* Project object */;
			proxyType = 1;
			remoteGlobalIDString = 8FF31AA21E4DE7AD003F3CFF;
			remoteInfo = Subterminal;
		};
		8FF31AC51E4DE7AD003F3CFF /* PBXContainerItemProxy */ = {
			isa = PBXContainerItemProxy;
			containerPortal = 8FF31A9B1E4DE7AD003F3CFF /* Project object */;
			proxyType = 1;
			remoteGlobalIDString = 8FF31AA21E4DE7AD003F3CFF;
			remoteInfo = Subterminal;
		};
/* End PBXContainerItemProxy section */

/* Begin PBXFileReference section */
		8FF31AA31E4DE7AD003F3CFF /* Subterminal.app */ = {isa = PBXFileReference; explicitFileType = wrapper.application; includeInIndex = 0; path = Subterminal.app; sourceTree = BUILT_PRODUCTS_DIR; };
		8FF31AA61E4DE7AD003F3CFF /* AppDelegate.swift */ = {isa = PBXFileReference; lastKnownFileType = sourcecode.swift; path = AppDelegate.swift; sourceTree = "<group>"; };
		8FF31AAD1E4DE7AD003F3CFF /* Base */ = {isa = PBXFileReference; lastKnownFileType = file.storyboard; name = Base; path = Base.lproj/Main.storyboard; sourceTree = "<group>"; };
		8FF31AAF1E4DE7AD003F3CFF /* Assets.xcassets */ = {isa = PBXFileReference; lastKnownFileType = folder.assetcatalog; path = Assets.xcassets; sourceTree = "<group>"; };
		8FF31AB21E4DE7AD003F3CFF /* Base */ = {isa = PBXFileReference; lastKnownFileType = file.storyboard; name = Base; path = Base.lproj/LaunchScreen.storyboard; sourceTree = "<group>"; };
		8FF31AB41E4DE7AD003F3CFF /* Info.plist */ = {isa = PBXFileReference; lastKnownFileType = text.plist.xml; path = Info.plist; sourceTree = "<group>"; };
		8FF31AB91E4DE7AD003F3CFF /* SubterminalTests.xctest */ = {isa = PBXFileReference; explicitFileType = wrapper.cfbundle; includeInIndex = 0; path = SubterminalTests.xctest; sourceTree = BUILT_PRODUCTS_DIR; };
		8FF31ABD1E4DE7AD003F3CFF /* SubterminalTests.swift */ = {isa = PBXFileReference; lastKnownFileType = sourcecode.swift; path = SubterminalTests.swift; sourceTree = "<group>"; };
		8FF31ABF1E4DE7AD003F3CFF /* Info.plist */ = {isa = PBXFileReference; lastKnownFileType = text.plist.xml; path = Info.plist; sourceTree = "<group>"; };
		8FF31AC41E4DE7AD003F3CFF /* SubterminalUITests.xctest */ = {isa = PBXFileReference; explicitFileType = wrapper.cfbundle; includeInIndex = 0; path = SubterminalUITests.xctest; sourceTree = BUILT_PRODUCTS_DIR; };
		8FF31AC81E4DE7AD003F3CFF /* SubterminalUITests.swift */ = {isa = PBXFileReference; lastKnownFileType = sourcecode.swift; path = SubterminalUITests.swift; sourceTree = "<group>"; };
		8FF31ACA1E4DE7AD003F3CFF /* Info.plist */ = {isa = PBXFileReference; lastKnownFileType = text.plist.xml; path = Info.plist; sourceTree = "<group>"; };
		8FF31AD91E4E0BA0003F3CFF /* SkydiveTableViewCell.swift */ = {isa = PBXFileReference; fileEncoding = 4; lastKnownFileType = sourcecode.swift; path = SkydiveTableViewCell.swift; sourceTree = "<group>"; };
		8FF31ADC1E4E0E67003F3CFF /* SkydiveTableViewController.swift */ = {isa = PBXFileReference; fileEncoding = 4; lastKnownFileType = sourcecode.swift; path = SkydiveTableViewController.swift; sourceTree = "<group>"; };
		8FF31ADF1E4E0EA9003F3CFF /* Skydive.swift */ = {isa = PBXFileReference; fileEncoding = 4; lastKnownFileType = sourcecode.swift; path = Skydive.swift; sourceTree = "<group>"; };
		8FF31AE11E4E27A4003F3CFF /* Rig.swift */ = {isa = PBXFileReference; fileEncoding = 4; lastKnownFileType = sourcecode.swift; path = Rig.swift; sourceTree = "<group>"; };
		8FF31AE41E4E2A4D003F3CFF /* SkydiveForm.swift */ = {isa = PBXFileReference; fileEncoding = 4; lastKnownFileType = sourcecode.swift; path = SkydiveForm.swift; sourceTree = "<group>"; };
		8FF31AE61E4E2B53003F3CFF /* BaseForm.swift */ = {isa = PBXFileReference; fileEncoding = 4; lastKnownFileType = sourcecode.swift; path = BaseForm.swift; sourceTree = "<group>"; };
		8FF31AE91E4E2BAC003F3CFF /* GearForm.swift */ = {isa = PBXFileReference; fileEncoding = 4; lastKnownFileType = sourcecode.swift; path = GearForm.swift; sourceTree = "<group>"; };
/* End PBXFileReference section */

/* Begin PBXFrameworksBuildPhase section */
		8FF31AA01E4DE7AD003F3CFF /* Frameworks */ = {
			isa = PBXFrameworksBuildPhase;
			buildActionMask = 2147483647;
			files = (
			);
			runOnlyForDeploymentPostprocessing = 0;
		};
		8FF31AB61E4DE7AD003F3CFF /* Frameworks */ = {
			isa = PBXFrameworksBuildPhase;
			buildActionMask = 2147483647;
			files = (
			);
			runOnlyForDeploymentPostprocessing = 0;
		};
		8FF31AC11E4DE7AD003F3CFF /* Frameworks */ = {
			isa = PBXFrameworksBuildPhase;
			buildActionMask = 2147483647;
			files = (
			);
			runOnlyForDeploymentPostprocessing = 0;
		};
/* End PBXFrameworksBuildPhase section */

/* Begin PBXGroup section */
		8FF31A9A1E4DE7AD003F3CFF = {
			isa = PBXGroup;
			children = (
				8FF31AA51E4DE7AD003F3CFF /* Subterminal */,
				8FF31ABC1E4DE7AD003F3CFF /* SubterminalTests */,
				8FF31AC71E4DE7AD003F3CFF /* SubterminalUITests */,
				8FF31AA41E4DE7AD003F3CFF /* Products */,
			);
			sourceTree = "<group>";
		};
		8FF31AA41E4DE7AD003F3CFF /* Products */ = {
			isa = PBXGroup;
			children = (
				8FF31AA31E4DE7AD003F3CFF /* Subterminal.app */,
				8FF31AB91E4DE7AD003F3CFF /* SubterminalTests.xctest */,
				8FF31AC41E4DE7AD003F3CFF /* SubterminalUITests.xctest */,
			);
			name = Products;
			sourceTree = "<group>";
		};
		8FF31AA51E4DE7AD003F3CFF /* Subterminal */ = {
			isa = PBXGroup;
			children = (
				8FF31AD71E4E0B74003F3CFF /* Skydive */,
				8FF31AA61E4DE7AD003F3CFF /* AppDelegate.swift */,
				8FF31AAC1E4DE7AD003F3CFF /* Main.storyboard */,
				8FF31AAF1E4DE7AD003F3CFF /* Assets.xcassets */,
				8FF31AB11E4DE7AD003F3CFF /* LaunchScreen.storyboard */,
				8FF31AB41E4DE7AD003F3CFF /* Info.plist */,
			);
			path = Subterminal;
			sourceTree = "<group>";
		};
		8FF31ABC1E4DE7AD003F3CFF /* SubterminalTests */ = {
			isa = PBXGroup;
			children = (
				8FF31ABD1E4DE7AD003F3CFF /* SubterminalTests.swift */,
				8FF31ABF1E4DE7AD003F3CFF /* Info.plist */,
			);
			path = SubterminalTests;
			sourceTree = "<group>";
		};
		8FF31AC71E4DE7AD003F3CFF /* SubterminalUITests */ = {
			isa = PBXGroup;
			children = (
				8FF31AC81E4DE7AD003F3CFF /* SubterminalUITests.swift */,
				8FF31ACA1E4DE7AD003F3CFF /* Info.plist */,
			);
			path = SubterminalUITests;
			sourceTree = "<group>";
		};
		8FF31AD71E4E0B74003F3CFF /* Skydive */ = {
			isa = PBXGroup;
			children = (
				8FF31AE31E4E2A37003F3CFF /* Forms */,
				8FF31ADE1E4E0E93003F3CFF /* Models */,
				8FF31ADB1E4E0E49003F3CFF /* Controllers */,
				8FF31AD81E4E0B7E003F3CFF /* Views */,
			);
			name = Skydive;
			sourceTree = "<group>";
		};
		8FF31AD81E4E0B7E003F3CFF /* Views */ = {
			isa = PBXGroup;
			children = (
				8FF31AD91E4E0BA0003F3CFF /* SkydiveTableViewCell.swift */,
			);
			name = Views;
			sourceTree = "<group>";
		};
		8FF31ADB1E4E0E49003F3CFF /* Controllers */ = {
			isa = PBXGroup;
			children = (
				8FF31ADC1E4E0E67003F3CFF /* SkydiveTableViewController.swift */,
			);
			name = Controllers;
			sourceTree = "<group>";
		};
		8FF31ADE1E4E0E93003F3CFF /* Models */ = {
			isa = PBXGroup;
			children = (
				8FF31ADF1E4E0EA9003F3CFF /* Skydive.swift */,
				8FF31AE11E4E27A4003F3CFF /* Rig.swift */,
			);
			name = Models;
			sourceTree = "<group>";
		};
		8FF31AE31E4E2A37003F3CFF /* Forms */ = {
			isa = PBXGroup;
			children = (
				8FF31AE41E4E2A4D003F3CFF /* SkydiveForm.swift */,
				8FF31AE61E4E2B53003F3CFF /* BaseForm.swift */,
				8FF31AE91E4E2BAC003F3CFF /* GearForm.swift */,
			);
			name = Forms;
			sourceTree = "<group>";
		};
/* End PBXGroup section */

/* Begin PBXNativeTarget section */
		8FF31AA21E4DE7AD003F3CFF /* Subterminal */ = {
			isa = PBXNativeTarget;
			buildConfigurationList = 8FF31ACD1E4DE7AD003F3CFF /* Build configuration list for PBXNativeTarget "Subterminal" */;
			buildPhases = (
				8FF31A9F1E4DE7AD003F3CFF /* Sources */,
				8FF31AA01E4DE7AD003F3CFF /* Frameworks */,
				8FF31AA11E4DE7AD003F3CFF /* Resources */,
			);
			buildRules = (
			);
			dependencies = (
			);
			name = Subterminal;
			productName = Subterminal;
			productReference = 8FF31AA31E4DE7AD003F3CFF /* Subterminal.app */;
			productType = "com.apple.product-type.application";
		};
		8FF31AB81E4DE7AD003F3CFF /* SubterminalTests */ = {
			isa = PBXNativeTarget;
			buildConfigurationList = 8FF31AD01E4DE7AD003F3CFF /* Build configuration list for PBXNativeTarget "SubterminalTests" */;
			buildPhases = (
				8FF31AB51E4DE7AD003F3CFF /* Sources */,
				8FF31AB61E4DE7AD003F3CFF /* Frameworks */,
				8FF31AB71E4DE7AD003F3CFF /* Resources */,
			);
			buildRules = (
			);
			dependencies = (
				8FF31ABB1E4DE7AD003F3CFF /* PBXTargetDependency */,
			);
			name = SubterminalTests;
			productName = SubterminalTests;
			productReference = 8FF31AB91E4DE7AD003F3CFF /* SubterminalTests.xctest */;
			productType = "com.apple.product-type.bundle.unit-test";
		};
		8FF31AC31E4DE7AD003F3CFF /* SubterminalUITests */ = {
			isa = PBXNativeTarget;
			buildConfigurationList = 8FF31AD31E4DE7AD003F3CFF /* Build configuration list for PBXNativeTarget "SubterminalUITests" */;
			buildPhases = (
				8FF31AC01E4DE7AD003F3CFF /* Sources */,
				8FF31AC11E4DE7AD003F3CFF /* Frameworks */,
				8FF31AC21E4DE7AD003F3CFF /* Resources */,
			);
			buildRules = (
			);
			dependencies = (
				8FF31AC61E4DE7AD003F3CFF /* PBXTargetDependency */,
			);
			name = SubterminalUITests;
			productName = SubterminalUITests;
			productReference = 8FF31AC41E4DE7AD003F3CFF /* SubterminalUITests.xctest */;
			productType = "com.apple.product-type.bundle.ui-testing";
		};
/* End PBXNativeTarget section */

/* Begin PBXProject section */
		8FF31A9B1E4DE7AD003F3CFF /* Project object */ = {
			isa = PBXProject;
			attributes = {
				LastSwiftUpdateCheck = 0820;
				LastUpgradeCheck = 0820;
				ORGANIZATIONNAME = "Matthias von Bargen";
				TargetAttributes = {
					8FF31AA21E4DE7AD003F3CFF = {
						CreatedOnToolsVersion = 8.2.1;
						ProvisioningStyle = Automatic;
					};
					8FF31AB81E4DE7AD003F3CFF = {
						CreatedOnToolsVersion = 8.2.1;
						ProvisioningStyle = Automatic;
						TestTargetID = 8FF31AA21E4DE7AD003F3CFF;
					};
					8FF31AC31E4DE7AD003F3CFF = {
						CreatedOnToolsVersion = 8.2.1;
						ProvisioningStyle = Automatic;
						TestTargetID = 8FF31AA21E4DE7AD003F3CFF;
					};
				};
			};
			buildConfigurationList = 8FF31A9E1E4DE7AD003F3CFF /* Build configuration list for PBXProject "Subterminal" */;
			compatibilityVersion = "Xcode 3.2";
			developmentRegion = English;
			hasScannedForEncodings = 0;
			knownRegions = (
				en,
				Base,
			);
			mainGroup = 8FF31A9A1E4DE7AD003F3CFF;
			productRefGroup = 8FF31AA41E4DE7AD003F3CFF /* Products */;
			projectDirPath = "";
			projectRoot = "";
			targets = (
				8FF31AA21E4DE7AD003F3CFF /* Subterminal */,
				8FF31AB81E4DE7AD003F3CFF /* SubterminalTests */,
				8FF31AC31E4DE7AD003F3CFF /* SubterminalUITests */,
			);
		};
/* End PBXProject section */

/* Begin PBXResourcesBuildPhase section */
		8FF31AA11E4DE7AD003F3CFF /* Resources */ = {
			isa = PBXResourcesBuildPhase;
			buildActionMask = 2147483647;
			files = (
				8FF31AB31E4DE7AD003F3CFF /* LaunchScreen.storyboard in Resources */,
				8FF31AB01E4DE7AD003F3CFF /* Assets.xcassets in Resources */,
				8FF31AAE1E4DE7AD003F3CFF /* Main.storyboard in Resources */,
			);
			runOnlyForDeploymentPostprocessing = 0;
		};
		8FF31AB71E4DE7AD003F3CFF /* Resources */ = {
			isa = PBXResourcesBuildPhase;
			buildActionMask = 2147483647;
			files = (
			);
			runOnlyForDeploymentPostprocessing = 0;
		};
		8FF31AC21E4DE7AD003F3CFF /* Resources */ = {
			isa = PBXResourcesBuildPhase;
			buildActionMask = 2147483647;
			files = (
			);
			runOnlyForDeploymentPostprocessing = 0;
		};
/* End PBXResourcesBuildPhase section */

/* Begin PBXSourcesBuildPhase section */
		8FF31A9F1E4DE7AD003F3CFF /* Sources */ = {
			isa = PBXSourcesBuildPhase;
			buildActionMask = 2147483647;
			files = (
				8FF31ADD1E4E0E67003F3CFF /* SkydiveTableViewController.swift in Sources */,
				8FF31AA71E4DE7AD003F3CFF /* AppDelegate.swift in Sources */,
				8FF31ADA1E4E0BA0003F3CFF /* SkydiveTableViewCell.swift in Sources */,
				8FF31AE71E4E2B53003F3CFF /* BaseForm.swift in Sources */,
				8FF31AEA1E4E2BAC003F3CFF /* GearForm.swift in Sources */,
				8FF31AE51E4E2A4D003F3CFF /* SkydiveForm.swift in Sources */,
				8FF31AE01E4E0EA9003F3CFF /* Skydive.swift in Sources */,
				8FF31AE21E4E27A4003F3CFF /* Rig.swift in Sources */,
			);
			runOnlyForDeploymentPostprocessing = 0;
		};
		8FF31AB51E4DE7AD003F3CFF /* Sources */ = {
			isa = PBXSourcesBuildPhase;
			buildActionMask = 2147483647;
			files = (
				8FF31ABE1E4DE7AD003F3CFF /* SubterminalTests.swift in Sources */,
			);
			runOnlyForDeploymentPostprocessing = 0;
		};
		8FF31AC01E4DE7AD003F3CFF /* Sources */ = {
			isa = PBXSourcesBuildPhase;
			buildActionMask = 2147483647;
			files = (
				8FF31AC91E4DE7AD003F3CFF /* SubterminalUITests.swift in Sources */,
			);
			runOnlyForDeploymentPostprocessing = 0;
		};
/* End PBXSourcesBuildPhase section */

/* Begin PBXTargetDependency section */
		8FF31ABB1E4DE7AD003F3CFF /* PBXTargetDependency */ = {
			isa = PBXTargetDependency;
			target = 8FF31AA21E4DE7AD003F3CFF /* Subterminal */;
			targetProxy = 8FF31ABA1E4DE7AD003F3CFF /* PBXContainerItemProxy */;
		};
		8FF31AC61E4DE7AD003F3CFF /* PBXTargetDependency */ = {
			isa = PBXTargetDependency;
			target = 8FF31AA21E4DE7AD003F3CFF /* Subterminal */;
			targetProxy = 8FF31AC51E4DE7AD003F3CFF /* PBXContainerItemProxy */;
		};
/* End PBXTargetDependency section */

/* Begin PBXVariantGroup section */
		8FF31AAC1E4DE7AD003F3CFF /* Main.storyboard */ = {
			isa = PBXVariantGroup;
			children = (
				8FF31AAD1E4DE7AD003F3CFF /* Base */,
			);
			name = Main.storyboard;
			sourceTree = "<group>";
		};
		8FF31AB11E4DE7AD003F3CFF /* LaunchScreen.storyboard */ = {
			isa = PBXVariantGroup;
			children = (
				8FF31AB21E4DE7AD003F3CFF /* Base */,
			);
			name = LaunchScreen.storyboard;
			sourceTree = "<group>";
		};
/* End PBXVariantGroup section */

/* Begin XCBuildConfiguration section */
		8FF31ACB1E4DE7AD003F3CFF /* Debug */ = {
			isa = XCBuildConfiguration;
			buildSettings = {
				ALWAYS_SEARCH_USER_PATHS = NO;
				CLANG_ANALYZER_NONNULL = YES;
				CLANG_CXX_LANGUAGE_STANDARD = "gnu++0x";
				CLANG_CXX_LIBRARY = "libc++";
				CLANG_ENABLE_MODULES = YES;
				CLANG_ENABLE_OBJC_ARC = YES;
				CLANG_WARN_BOOL_CONVERSION = YES;
				CLANG_WARN_CONSTANT_CONVERSION = YES;
				CLANG_WARN_DIRECT_OBJC_ISA_USAGE = YES_ERROR;
				CLANG_WARN_DOCUMENTATION_COMMENTS = YES;
				CLANG_WARN_EMPTY_BODY = YES;
				CLANG_WARN_ENUM_CONVERSION = YES;
				CLANG_WARN_INFINITE_RECURSION = YES;
				CLANG_WARN_INT_CONVERSION = YES;
				CLANG_WARN_OBJC_ROOT_CLASS = YES_ERROR;
				CLANG_WARN_SUSPICIOUS_MOVE = YES;
				CLANG_WARN_UNREACHABLE_CODE = YES;
				CLANG_WARN__DUPLICATE_METHOD_MATCH = YES;
				"CODE_SIGN_IDENTITY[sdk=iphoneos*]" = "iPhone Developer";
				COPY_PHASE_STRIP = NO;
				DEBUG_INFORMATION_FORMAT = dwarf;
				ENABLE_STRICT_OBJC_MSGSEND = YES;
				ENABLE_TESTABILITY = YES;
				GCC_C_LANGUAGE_STANDARD = gnu99;
				GCC_DYNAMIC_NO_PIC = NO;
				GCC_NO_COMMON_BLOCKS = YES;
				GCC_OPTIMIZATION_LEVEL = 0;
				GCC_PREPROCESSOR_DEFINITIONS = (
					"DEBUG=1",
					"$(inherited)",
				);
				GCC_WARN_64_TO_32_BIT_CONVERSION = YES;
				GCC_WARN_ABOUT_RETURN_TYPE = YES_ERROR;
				GCC_WARN_UNDECLARED_SELECTOR = YES;
				GCC_WARN_UNINITIALIZED_AUTOS = YES_AGGRESSIVE;
				GCC_WARN_UNUSED_FUNCTION = YES;
				GCC_WARN_UNUSED_VARIABLE = YES;
				IPHONEOS_DEPLOYMENT_TARGET = 10.2;
				MTL_ENABLE_DEBUG_INFO = YES;
				ONLY_ACTIVE_ARCH = YES;
				SDKROOT = iphoneos;
				SWIFT_ACTIVE_COMPILATION_CONDITIONS = DEBUG;
				SWIFT_OPTIMIZATION_LEVEL = "-Onone";
				TARGETED_DEVICE_FAMILY = "1,2";
			};
			name = Debug;
		};
		8FF31ACC1E4DE7AD003F3CFF /* Release */ = {
			isa = XCBuildConfiguration;
			buildSettings = {
				ALWAYS_SEARCH_USER_PATHS = NO;
				CLANG_ANALYZER_NONNULL = YES;
				CLANG_CXX_LANGUAGE_STANDARD = "gnu++0x";
				CLANG_CXX_LIBRARY = "libc++";
				CLANG_ENABLE_MODULES = YES;
				CLANG_ENABLE_OBJC_ARC = YES;
				CLANG_WARN_BOOL_CONVERSION = YES;
				CLANG_WARN_CONSTANT_CONVERSION = YES;
				CLANG_WARN_DIRECT_OBJC_ISA_USAGE = YES_ERROR;
				CLANG_WARN_DOCUMENTATION_COMMENTS = YES;
				CLANG_WARN_EMPTY_BODY = YES;
				CLANG_WARN_ENUM_CONVERSION = YES;
				CLANG_WARN_INFINITE_RECURSION = YES;
				CLANG_WARN_INT_CONVERSION = YES;
				CLANG_WARN_OBJC_ROOT_CLASS = YES_ERROR;
				CLANG_WARN_SUSPICIOUS_MOVE = YES;
				CLANG_WARN_UNREACHABLE_CODE = YES;
				CLANG_WARN__DUPLICATE_METHOD_MATCH = YES;
				"CODE_SIGN_IDENTITY[sdk=iphoneos*]" = "iPhone Developer";
				COPY_PHASE_STRIP = NO;
				DEBUG_INFORMATION_FORMAT = "dwarf-with-dsym";
				ENABLE_NS_ASSERTIONS = NO;
				ENABLE_STRICT_OBJC_MSGSEND = YES;
				GCC_C_LANGUAGE_STANDARD = gnu99;
				GCC_NO_COMMON_BLOCKS = YES;
				GCC_WARN_64_TO_32_BIT_CONVERSION = YES;
				GCC_WARN_ABOUT_RETURN_TYPE = YES_ERROR;
				GCC_WARN_UNDECLARED_SELECTOR = YES;
				GCC_WARN_UNINITIALIZED_AUTOS = YES_AGGRESSIVE;
				GCC_WARN_UNUSED_FUNCTION = YES;
				GCC_WARN_UNUSED_VARIABLE = YES;
				IPHONEOS_DEPLOYMENT_TARGET = 10.2;
				MTL_ENABLE_DEBUG_INFO = NO;
				SDKROOT = iphoneos;
				SWIFT_OPTIMIZATION_LEVEL = "-Owholemodule";
				TARGETED_DEVICE_FAMILY = "1,2";
				VALIDATE_PRODUCT = YES;
			};
			name = Release;
		};
		8FF31ACE1E4DE7AD003F3CFF /* Debug */ = {
			isa = XCBuildConfiguration;
			buildSettings = {
				ASSETCATALOG_COMPILER_APPICON_NAME = AppIcon;
				INFOPLIST_FILE = Subterminal/Info.plist;
				LD_RUNPATH_SEARCH_PATHS = "$(inherited) @executable_path/Frameworks";
				PRODUCT_BUNDLE_IDENTIFIER = mavonie.Subterminal;
				PRODUCT_NAME = "$(TARGET_NAME)";
				SWIFT_VERSION = 3.0;
			};
			name = Debug;
		};
		8FF31ACF1E4DE7AD003F3CFF /* Release */ = {
			isa = XCBuildConfiguration;
			buildSettings = {
				ASSETCATALOG_COMPILER_APPICON_NAME = AppIcon;
				INFOPLIST_FILE = Subterminal/Info.plist;
				LD_RUNPATH_SEARCH_PATHS = "$(inherited) @executable_path/Frameworks";
				PRODUCT_BUNDLE_IDENTIFIER = mavonie.Subterminal;
				PRODUCT_NAME = "$(TARGET_NAME)";
				SWIFT_VERSION = 3.0;
			};
			name = Release;
		};
		8FF31AD11E4DE7AD003F3CFF /* Debug */ = {
			isa = XCBuildConfiguration;
			buildSettings = {
				ALWAYS_EMBED_SWIFT_STANDARD_LIBRARIES = YES;
				BUNDLE_LOADER = "$(TEST_HOST)";
				INFOPLIST_FILE = SubterminalTests/Info.plist;
				LD_RUNPATH_SEARCH_PATHS = "$(inherited) @executable_path/Frameworks @loader_path/Frameworks";
				PRODUCT_BUNDLE_IDENTIFIER = mavonie.SubterminalTests;
				PRODUCT_NAME = "$(TARGET_NAME)";
				SWIFT_VERSION = 3.0;
				TEST_HOST = "$(BUILT_PRODUCTS_DIR)/Subterminal.app/Subterminal";
			};
			name = Debug;
		};
		8FF31AD21E4DE7AD003F3CFF /* Release */ = {
			isa = XCBuildConfiguration;
			buildSettings = {
				ALWAYS_EMBED_SWIFT_STANDARD_LIBRARIES = YES;
				BUNDLE_LOADER = "$(TEST_HOST)";
				INFOPLIST_FILE = SubterminalTests/Info.plist;
				LD_RUNPATH_SEARCH_PATHS = "$(inherited) @executable_path/Frameworks @loader_path/Frameworks";
				PRODUCT_BUNDLE_IDENTIFIER = mavonie.SubterminalTests;
				PRODUCT_NAME = "$(TARGET_NAME)";
				SWIFT_VERSION = 3.0;
				TEST_HOST = "$(BUILT_PRODUCTS_DIR)/Subterminal.app/Subterminal";
			};
			name = Release;
		};
		8FF31AD41E4DE7AD003F3CFF /* Debug */ = {
			isa = XCBuildConfiguration;
			buildSettings = {
				ALWAYS_EMBED_SWIFT_STANDARD_LIBRARIES = YES;
				INFOPLIST_FILE = SubterminalUITests/Info.plist;
				LD_RUNPATH_SEARCH_PATHS = "$(inherited) @executable_path/Frameworks @loader_path/Frameworks";
				PRODUCT_BUNDLE_IDENTIFIER = mavonie.SubterminalUITests;
				PRODUCT_NAME = "$(TARGET_NAME)";
				SWIFT_VERSION = 3.0;
				TEST_TARGET_NAME = Subterminal;
			};
			name = Debug;
		};
		8FF31AD51E4DE7AD003F3CFF /* Release */ = {
			isa = XCBuildConfiguration;
			buildSettings = {
				ALWAYS_EMBED_SWIFT_STANDARD_LIBRARIES = YES;
				INFOPLIST_FILE = SubterminalUITests/Info.plist;
				LD_RUNPATH_SEARCH_PATHS = "$(inherited) @executable_path/Frameworks @loader_path/Frameworks";
				PRODUCT_BUNDLE_IDENTIFIER = mavonie.SubterminalUITests;
				PRODUCT_NAME = "$(TARGET_NAME)";
				SWIFT_VERSION = 3.0;
				TEST_TARGET_NAME = Subterminal;
			};
			name = Release;
		};
/* End XCBuildConfiguration section */

/* Begin XCConfigurationList section */
		8FF31A9E1E4DE7AD003F3CFF /* Build configuration list for PBXProject "Subterminal" */ = {
			isa = XCConfigurationList;
			buildConfigurations = (
				8FF31ACB1E4DE7AD003F3CFF /* Debug */,
				8FF31ACC1E4DE7AD003F3CFF /* Release */,
			);
			defaultConfigurationIsVisible = 0;
			defaultConfigurationName = Release;
		};
		8FF31ACD1E4DE7AD003F3CFF /* Build configuration list for PBXNativeTarget "Subterminal" */ = {
			isa = XCConfigurationList;
			buildConfigurations = (
				8FF31ACE1E4DE7AD003F3CFF /* Debug */,
				8FF31ACF1E4DE7AD003F3CFF /* Release */,
			);
			defaultConfigurationIsVisible = 0;
		};
		8FF31AD01E4DE7AD003F3CFF /* Build configuration list for PBXNativeTarget "SubterminalTests" */ = {
			isa = XCConfigurationList;
			buildConfigurations = (
				8FF31AD11E4DE7AD003F3CFF /* Debug */,
				8FF31AD21E4DE7AD003F3CFF /* Release */,
			);
			defaultConfigurationIsVisible = 0;
		};
		8FF31AD31E4DE7AD003F3CFF /* Build configuration list for PBXNativeTarget "SubterminalUITests" */ = {
			isa = XCConfigurationList;
			buildConfigurations = (
				8FF31AD41E4DE7AD003F3CFF /* Debug */,
				8FF31AD51E4DE7AD003F3CFF /* Release */,
			);
			defaultConfigurationIsVisible = 0;
		};
/* End XCConfigurationList section */
	};
	rootObject = 8FF31A9B1E4DE7AD003F3CFF /* Project object */;
}
