// !$*UTF8*$!
{
	archiveVersion = 1;
	classes = {
	};
	objectVersion = 46;
	objects = {

/* Begin PBXBuildFile section */
		8C76CB2DF3B97EDF5C989627 /* Pods_Subterminal.framework in Frameworks */ = {isa = PBXBuildFile; fileRef = ED504E0B7D1A370F280DA0C5 /* Pods_Subterminal.framework */; };
		8F980D5B1E55CB9B00CDC497 /* UITextFieldStyle.swift in Sources */ = {isa = PBXBuildFile; fileRef = 8F980D5A1E55CB9B00CDC497 /* UITextFieldStyle.swift */; };
		8F980D5D1E55DD4800CDC497 /* Label.swift in Sources */ = {isa = PBXBuildFile; fileRef = 8F980D5C1E55DD4800CDC497 /* Label.swift */; };
		8FA7396B1E50B60800A08D6A /* DropzoneTableController.swift in Sources */ = {isa = PBXBuildFile; fileRef = 8FA7396A1E50B60800A08D6A /* DropzoneTableController.swift */; };
		8FA7396D1E50B69F00A08D6A /* DropzoneTableViewCell.swift in Sources */ = {isa = PBXBuildFile; fileRef = 8FA7396C1E50B69F00A08D6A /* DropzoneTableViewCell.swift */; };
		8FA739711E50BE6200A08D6A /* DropzoneViewController.swift in Sources */ = {isa = PBXBuildFile; fileRef = 8FA739701E50BE6200A08D6A /* DropzoneViewController.swift */; };
		8FA739731E50CA6E00A08D6A /* MapKit.framework in Frameworks */ = {isa = PBXBuildFile; fileRef = 8FA739721E50CA6E00A08D6A /* MapKit.framework */; };
		8FAD28CD1E52066F00E88E97 /* TabBarController.swift in Sources */ = {isa = PBXBuildFile; fileRef = 8FAD28CC1E52066F00E88E97 /* TabBarController.swift */; };
		8FAD28CF1E52169F00E88E97 /* DropzoneView.swift in Sources */ = {isa = PBXBuildFile; fileRef = 8FAD28CE1E52169F00E88E97 /* DropzoneView.swift */; };
		8FCA70711E5383C800CFC903 /* BaseTableCell.swift in Sources */ = {isa = PBXBuildFile; fileRef = 8FCA70701E5383C800CFC903 /* BaseTableCell.swift */; };
		8FCA70731E5394A200CFC903 /* GearFormView.swift in Sources */ = {isa = PBXBuildFile; fileRef = 8FCA70721E5394A200CFC903 /* GearFormView.swift */; };
		8FDADDAE1E4F9E7C00A33F59 /* API.swift in Sources */ = {isa = PBXBuildFile; fileRef = 8FDADDAD1E4F9E7C00A33F59 /* API.swift */; };
		8FDADDB21E4FA10300A33F59 /* API.swift in Sources */ = {isa = PBXBuildFile; fileRef = 8FDADDAD1E4F9E7C00A33F59 /* API.swift */; };
		8FDADDB31E4FA10300A33F59 /* API.swift in Sources */ = {isa = PBXBuildFile; fileRef = 8FDADDAD1E4F9E7C00A33F59 /* API.swift */; };
		8FDBAB8B1E549B74005543C1 /* TableController.swift in Sources */ = {isa = PBXBuildFile; fileRef = 8FDBAB8A1E549B74005543C1 /* TableController.swift */; };
		8FDBAB8D1E54EF79005543C1 /* SkydiveFormView.swift in Sources */ = {isa = PBXBuildFile; fileRef = 8FDBAB8C1E54EF79005543C1 /* SkydiveFormView.swift */; };
		8FDE7B4E1E51F09E00140144 /* DashboardController.swift in Sources */ = {isa = PBXBuildFile; fileRef = 8FDE7B4D1E51F09E00140144 /* DashboardController.swift */; };
		8FF31AA71E4DE7AD003F3CFF /* AppDelegate.swift in Sources */ = {isa = PBXBuildFile; fileRef = 8FF31AA61E4DE7AD003F3CFF /* AppDelegate.swift */; };
		8FF31AB01E4DE7AD003F3CFF /* Assets.xcassets in Resources */ = {isa = PBXBuildFile; fileRef = 8FF31AAF1E4DE7AD003F3CFF /* Assets.xcassets */; };
		8FF31AB31E4DE7AD003F3CFF /* LaunchScreen.storyboard in Resources */ = {isa = PBXBuildFile; fileRef = 8FF31AB11E4DE7AD003F3CFF /* LaunchScreen.storyboard */; };
		8FF31ABE1E4DE7AD003F3CFF /* SubterminalTests.swift in Sources */ = {isa = PBXBuildFile; fileRef = 8FF31ABD1E4DE7AD003F3CFF /* SubterminalTests.swift */; };
		8FF31AC91E4DE7AD003F3CFF /* SubterminalUITests.swift in Sources */ = {isa = PBXBuildFile; fileRef = 8FF31AC81E4DE7AD003F3CFF /* SubterminalUITests.swift */; };
		8FF31ADA1E4E0BA0003F3CFF /* SkydiveTableViewCell.swift in Sources */ = {isa = PBXBuildFile; fileRef = 8FF31AD91E4E0BA0003F3CFF /* SkydiveTableViewCell.swift */; };
		8FF31ADD1E4E0E67003F3CFF /* SkydiveTableViewController.swift in Sources */ = {isa = PBXBuildFile; fileRef = 8FF31ADC1E4E0E67003F3CFF /* SkydiveTableViewController.swift */; };
		8FF31AE01E4E0EA9003F3CFF /* Skydive.swift in Sources */ = {isa = PBXBuildFile; fileRef = 8FF31ADF1E4E0EA9003F3CFF /* Skydive.swift */; };
		8FF31AE21E4E27A4003F3CFF /* Rig.swift in Sources */ = {isa = PBXBuildFile; fileRef = 8FF31AE11E4E27A4003F3CFF /* Rig.swift */; };
		8FF31AE51E4E2A4D003F3CFF /* SkydiveForm.swift in Sources */ = {isa = PBXBuildFile; fileRef = 8FF31AE41E4E2A4D003F3CFF /* SkydiveForm.swift */; };
		8FF31AE71E4E2B53003F3CFF /* Form.swift in Sources */ = {isa = PBXBuildFile; fileRef = 8FF31AE61E4E2B53003F3CFF /* Form.swift */; };
		8FF31AEA1E4E2BAC003F3CFF /* GearForm.swift in Sources */ = {isa = PBXBuildFile; fileRef = 8FF31AE91E4E2BAC003F3CFF /* GearForm.swift */; };
		8FF31AED1E4E2D32003F3CFF /* Model.swift in Sources */ = {isa = PBXBuildFile; fileRef = 8FF31AEC1E4E2D32003F3CFF /* Model.swift */; };
		8FF31AEF1E4E32FC003F3CFF /* Dropzone.swift in Sources */ = {isa = PBXBuildFile; fileRef = 8FF31AEE1E4E32FC003F3CFF /* Dropzone.swift */; };
		8FF31AF11E4E5AC5003F3CFF /* GearTableController.swift in Sources */ = {isa = PBXBuildFile; fileRef = 8FF31AF01E4E5AC5003F3CFF /* GearTableController.swift */; };
		8FF31AF31E4E5DA3003F3CFF /* RigTableViewCell.swift in Sources */ = {isa = PBXBuildFile; fileRef = 8FF31AF21E4E5DA3003F3CFF /* RigTableViewCell.swift */; };
		8FF31AF51E4E7A93003F3CFF /* GoogleService-Info.plist in Resources */ = {isa = PBXBuildFile; fileRef = 8FF31AF41E4E7A93003F3CFF /* GoogleService-Info.plist */; };
		8FF31AF61E4E7A93003F3CFF /* GoogleService-Info.plist in Resources */ = {isa = PBXBuildFile; fileRef = 8FF31AF41E4E7A93003F3CFF /* GoogleService-Info.plist */; };
		8FF31AF71E4E7A93003F3CFF /* GoogleService-Info.plist in Resources */ = {isa = PBXBuildFile; fileRef = 8FF31AF41E4E7A93003F3CFF /* GoogleService-Info.plist */; };
		CA67CC7C29523F8C9ABEA786 /* Pods_SubterminalTests.framework in Frameworks */ = {isa = PBXBuildFile; fileRef = FFCD20F10CFCF8B3F7099ECF /* Pods_SubterminalTests.framework */; };
		FFF7AF7B4F91C8544AB4151B /* Pods_SubterminalUITests.framework in Frameworks */ = {isa = PBXBuildFile; fileRef = FE71E0F2EC09FE7D96059970 /* Pods_SubterminalUITests.framework */; };
/* End PBXBuildFile section */

/* Begin PBXContainerItemProxy section */
		8FF31ABA1E4DE7AD003F3CFF /* PBXContainerItemProxy */ = {
			isa = PBXContainerItemProxy;
			containerPortal = 8FF31A9B1E4DE7AD003F3CFF /* Project object */;
			proxyType = 1;
			remoteGlobalIDString = 8FF31AA21E4DE7AD003F3CFF;
			remoteInfo = Subterminal;
		};
		8FF31AC51E4DE7AD003F3CFF /* PBXContainerItemProxy */ = {
			isa = PBXContainerItemProxy;
			containerPortal = 8FF31A9B1E4DE7AD003F3CFF /* Project object */;
			proxyType = 1;
			remoteGlobalIDString = 8FF31AA21E4DE7AD003F3CFF;
			remoteInfo = Subterminal;
		};
/* End PBXContainerItemProxy section */

/* Begin PBXFileReference section */
		047623246BFF1A233CCC7345 /* Pods-SubterminalUITests.debug.xcconfig */ = {isa = PBXFileReference; includeInIndex = 1; lastKnownFileType = text.xcconfig; name = "Pods-SubterminalUITests.debug.xcconfig"; path = "Pods/Target Support Files/Pods-SubterminalUITests/Pods-SubterminalUITests.debug.xcconfig"; sourceTree = "<group>"; };
		4F5E13494507B978B02E1EAB /* Pods-SubterminalUITests.release.xcconfig */ = {isa = PBXFileReference; includeInIndex = 1; lastKnownFileType = text.xcconfig; name = "Pods-SubterminalUITests.release.xcconfig"; path = "Pods/Target Support Files/Pods-SubterminalUITests/Pods-SubterminalUITests.release.xcconfig"; sourceTree = "<group>"; };
		6AD2567EB3A82DBD63672323 /* Pods-SubterminalTests.debug.xcconfig */ = {isa = PBXFileReference; includeInIndex = 1; lastKnownFileType = text.xcconfig; name = "Pods-SubterminalTests.debug.xcconfig"; path = "Pods/Target Support Files/Pods-SubterminalTests/Pods-SubterminalTests.debug.xcconfig"; sourceTree = "<group>"; };
		8F980D5A1E55CB9B00CDC497 /* UITextFieldStyle.swift */ = {isa = PBXFileReference; fileEncoding = 4; lastKnownFileType = sourcecode.swift; path = UITextFieldStyle.swift; sourceTree = "<group>"; };
		8F980D5C1E55DD4800CDC497 /* Label.swift */ = {isa = PBXFileReference; fileEncoding = 4; lastKnownFileType = sourcecode.swift; path = Label.swift; sourceTree = "<group>"; };
		8FA7396A1E50B60800A08D6A /* DropzoneTableController.swift */ = {isa = PBXFileReference; fileEncoding = 4; lastKnownFileType = sourcecode.swift; path = DropzoneTableController.swift; sourceTree = "<group>"; };
		8FA7396C1E50B69F00A08D6A /* DropzoneTableViewCell.swift */ = {isa = PBXFileReference; fileEncoding = 4; lastKnownFileType = sourcecode.swift; path = DropzoneTableViewCell.swift; sourceTree = "<group>"; };
		8FA739701E50BE6200A08D6A /* DropzoneViewController.swift */ = {isa = PBXFileReference; fileEncoding = 4; lastKnownFileType = sourcecode.swift; path = DropzoneViewController.swift; sourceTree = "<group>"; };
		8FA739721E50CA6E00A08D6A /* MapKit.framework */ = {isa = PBXFileReference; lastKnownFileType = wrapper.framework; name = MapKit.framework; path = System/Library/Frameworks/MapKit.framework; sourceTree = SDKROOT; };
		8FAD28CC1E52066F00E88E97 /* TabBarController.swift */ = {isa = PBXFileReference; fileEncoding = 4; lastKnownFileType = sourcecode.swift; path = TabBarController.swift; sourceTree = "<group>"; };
		8FAD28CE1E52169F00E88E97 /* DropzoneView.swift */ = {isa = PBXFileReference; fileEncoding = 4; lastKnownFileType = sourcecode.swift; path = DropzoneView.swift; sourceTree = "<group>"; };
		8FAD28D01E522B4800E88E97 /* PureLayout.framework */ = {isa = PBXFileReference; lastKnownFileType = wrapper.framework; name = PureLayout.framework; path = "../../../../Library/Developer/Xcode/DerivedData/Subterminal-dhxzvxkuztqbeggqslgyresukmil/Build/Products/Debug-iphonesimulator/PureLayout/PureLayout.framework"; sourceTree = "<group>"; };
		8FCA70701E5383C800CFC903 /* BaseTableCell.swift */ = {isa = PBXFileReference; fileEncoding = 4; lastKnownFileType = sourcecode.swift; path = BaseTableCell.swift; sourceTree = "<group>"; };
		8FCA70721E5394A200CFC903 /* GearFormView.swift */ = {isa = PBXFileReference; fileEncoding = 4; lastKnownFileType = sourcecode.swift; path = GearFormView.swift; sourceTree = "<group>"; };
		8FDADDAD1E4F9E7C00A33F59 /* API.swift */ = {isa = PBXFileReference; fileEncoding = 4; lastKnownFileType = sourcecode.swift; path = API.swift; sourceTree = "<group>"; };
		8FDBAB8A1E549B74005543C1 /* TableController.swift */ = {isa = PBXFileReference; fileEncoding = 4; lastKnownFileType = sourcecode.swift; path = TableController.swift; sourceTree = "<group>"; };
		8FDBAB8C1E54EF79005543C1 /* SkydiveFormView.swift */ = {isa = PBXFileReference; fileEncoding = 4; lastKnownFileType = sourcecode.swift; path = SkydiveFormView.swift; sourceTree = "<group>"; };
		8FDE7B4D1E51F09E00140144 /* DashboardController.swift */ = {isa = PBXFileReference; fileEncoding = 4; lastKnownFileType = sourcecode.swift; path = DashboardController.swift; sourceTree = "<group>"; };
		8FF31AA31E4DE7AD003F3CFF /* Subterminal.app */ = {isa = PBXFileReference; explicitFileType = wrapper.application; includeInIndex = 0; path = Subterminal.app; sourceTree = BUILT_PRODUCTS_DIR; };
		8FF31AA61E4DE7AD003F3CFF /* AppDelegate.swift */ = {isa = PBXFileReference; lastKnownFileType = sourcecode.swift; path = AppDelegate.swift; sourceTree = "<group>"; };
		8FF31AAF1E4DE7AD003F3CFF /* Assets.xcassets */ = {isa = PBXFileReference; lastKnownFileType = folder.assetcatalog; path = Assets.xcassets; sourceTree = "<group>"; };
		8FF31AB21E4DE7AD003F3CFF /* Base */ = {isa = PBXFileReference; lastKnownFileType = file.storyboard; name = Base; path = Base.lproj/LaunchScreen.storyboard; sourceTree = "<group>"; };
		8FF31AB41E4DE7AD003F3CFF /* Info.plist */ = {isa = PBXFileReference; lastKnownFileType = text.plist.xml; path = Info.plist; sourceTree = "<group>"; };
		8FF31AB91E4DE7AD003F3CFF /* SubterminalTests.xctest */ = {isa = PBXFileReference; explicitFileType = wrapper.cfbundle; includeInIndex = 0; path = SubterminalTests.xctest; sourceTree = BUILT_PRODUCTS_DIR; };
		8FF31ABD1E4DE7AD003F3CFF /* SubterminalTests.swift */ = {isa = PBXFileReference; lastKnownFileType = sourcecode.swift; path = SubterminalTests.swift; sourceTree = "<group>"; };
		8FF31ABF1E4DE7AD003F3CFF /* Info.plist */ = {isa = PBXFileReference; lastKnownFileType = text.plist.xml; path = Info.plist; sourceTree = "<group>"; };
		8FF31AC41E4DE7AD003F3CFF /* SubterminalUITests.xctest */ = {isa = PBXFileReference; explicitFileType = wrapper.cfbundle; includeInIndex = 0; path = SubterminalUITests.xctest; sourceTree = BUILT_PRODUCTS_DIR; };
		8FF31AC81E4DE7AD003F3CFF /* SubterminalUITests.swift */ = {isa = PBXFileReference; lastKnownFileType = sourcecode.swift; path = SubterminalUITests.swift; sourceTree = "<group>"; };
		8FF31ACA1E4DE7AD003F3CFF /* Info.plist */ = {isa = PBXFileReference; lastKnownFileType = text.plist.xml; path = Info.plist; sourceTree = "<group>"; };
		8FF31AD91E4E0BA0003F3CFF /* SkydiveTableViewCell.swift */ = {isa = PBXFileReference; fileEncoding = 4; lastKnownFileType = sourcecode.swift; path = SkydiveTableViewCell.swift; sourceTree = "<group>"; };
		8FF31ADC1E4E0E67003F3CFF /* SkydiveTableViewController.swift */ = {isa = PBXFileReference; fileEncoding = 4; lastKnownFileType = sourcecode.swift; path = SkydiveTableViewController.swift; sourceTree = "<group>"; };
		8FF31ADF1E4E0EA9003F3CFF /* Skydive.swift */ = {isa = PBXFileReference; fileEncoding = 4; lastKnownFileType = sourcecode.swift; path = Skydive.swift; sourceTree = "<group>"; };
		8FF31AE11E4E27A4003F3CFF /* Rig.swift */ = {isa = PBXFileReference; fileEncoding = 4; lastKnownFileType = sourcecode.swift; path = Rig.swift; sourceTree = "<group>"; };
		8FF31AE41E4E2A4D003F3CFF /* SkydiveForm.swift */ = {isa = PBXFileReference; fileEncoding = 4; lastKnownFileType = sourcecode.swift; path = SkydiveForm.swift; sourceTree = "<group>"; };
		8FF31AE61E4E2B53003F3CFF /* Form.swift */ = {isa = PBXFileReference; fileEncoding = 4; lastKnownFileType = sourcecode.swift; path = Form.swift; sourceTree = "<group>"; };
		8FF31AE91E4E2BAC003F3CFF /* GearForm.swift */ = {isa = PBXFileReference; fileEncoding = 4; lastKnownFileType = sourcecode.swift; path = GearForm.swift; sourceTree = "<group>"; };
		8FF31AEC1E4E2D32003F3CFF /* Model.swift */ = {isa = PBXFileReference; fileEncoding = 4; lastKnownFileType = sourcecode.swift; path = Model.swift; sourceTree = "<group>"; };
		8FF31AEE1E4E32FC003F3CFF /* Dropzone.swift */ = {isa = PBXFileReference; fileEncoding = 4; lastKnownFileType = sourcecode.swift; path = Dropzone.swift; sourceTree = "<group>"; };
		8FF31AF01E4E5AC5003F3CFF /* GearTableController.swift */ = {isa = PBXFileReference; fileEncoding = 4; lastKnownFileType = sourcecode.swift; path = GearTableController.swift; sourceTree = "<group>"; };
		8FF31AF21E4E5DA3003F3CFF /* RigTableViewCell.swift */ = {isa = PBXFileReference; fileEncoding = 4; lastKnownFileType = sourcecode.swift; path = RigTableViewCell.swift; sourceTree = "<group>"; };
		8FF31AF41E4E7A93003F3CFF /* GoogleService-Info.plist */ = {isa = PBXFileReference; fileEncoding = 4; lastKnownFileType = text.plist.xml; name = "GoogleService-Info.plist"; path = "../../../../../Downloads/GoogleService-Info.plist"; sourceTree = "<group>"; };
		A71EEBDBC3917D07F3DDDF5A /* Pods-SubterminalTests.release.xcconfig */ = {isa = PBXFileReference; includeInIndex = 1; lastKnownFileType = text.xcconfig; name = "Pods-SubterminalTests.release.xcconfig"; path = "Pods/Target Support Files/Pods-SubterminalTests/Pods-SubterminalTests.release.xcconfig"; sourceTree = "<group>"; };
		CE12793D9BB4E6DA2C24DB37 /* Pods-Subterminal.debug.xcconfig */ = {isa = PBXFileReference; includeInIndex = 1; lastKnownFileType = text.xcconfig; name = "Pods-Subterminal.debug.xcconfig"; path = "Pods/Target Support Files/Pods-Subterminal/Pods-Subterminal.debug.xcconfig"; sourceTree = "<group>"; };
		ED504E0B7D1A370F280DA0C5 /* Pods_Subterminal.framework */ = {isa = PBXFileReference; explicitFileType = wrapper.framework; includeInIndex = 0; path = Pods_Subterminal.framework; sourceTree = BUILT_PRODUCTS_DIR; };
		EF6240588169FAC4C352DF88 /* Pods-Subterminal.release.xcconfig */ = {isa = PBXFileReference; includeInIndex = 1; lastKnownFileType = text.xcconfig; name = "Pods-Subterminal.release.xcconfig"; path = "Pods/Target Support Files/Pods-Subterminal/Pods-Subterminal.release.xcconfig"; sourceTree = "<group>"; };
		FE71E0F2EC09FE7D96059970 /* Pods_SubterminalUITests.framework */ = {isa = PBXFileReference; explicitFileType = wrapper.framework; includeInIndex = 0; path = Pods_SubterminalUITests.framework; sourceTree = BUILT_PRODUCTS_DIR; };
		FFCD20F10CFCF8B3F7099ECF /* Pods_SubterminalTests.framework */ = {isa = PBXFileReference; explicitFileType = wrapper.framework; includeInIndex = 0; path = Pods_SubterminalTests.framework; sourceTree = BUILT_PRODUCTS_DIR; };
/* End PBXFileReference section */

/* Begin PBXFrameworksBuildPhase section */
		8FF31AA01E4DE7AD003F3CFF /* Frameworks */ = {
			isa = PBXFrameworksBuildPhase;
			buildActionMask = 2147483647;
			files = (
				8FA739731E50CA6E00A08D6A /* MapKit.framework in Frameworks */,
				8C76CB2DF3B97EDF5C989627 /* Pods_Subterminal.framework in Frameworks */,
			);
			runOnlyForDeploymentPostprocessing = 0;
		};
		8FF31AB61E4DE7AD003F3CFF /* Frameworks */ = {
			isa = PBXFrameworksBuildPhase;
			buildActionMask = 2147483647;
			files = (
				CA67CC7C29523F8C9ABEA786 /* Pods_SubterminalTests.framework in Frameworks */,
			);
			runOnlyForDeploymentPostprocessing = 0;
		};
		8FF31AC11E4DE7AD003F3CFF /* Frameworks */ = {
			isa = PBXFrameworksBuildPhase;
			buildActionMask = 2147483647;
			files = (
				FFF7AF7B4F91C8544AB4151B /* Pods_SubterminalUITests.framework in Frameworks */,
			);
			runOnlyForDeploymentPostprocessing = 0;
		};
/* End PBXFrameworksBuildPhase section */

/* Begin PBXGroup section */
		40BD3AB32E42F6D84C68C6F5 /* Frameworks */ = {
			isa = PBXGroup;
			children = (
				8FAD28D01E522B4800E88E97 /* PureLayout.framework */,
				8FA739721E50CA6E00A08D6A /* MapKit.framework */,
				ED504E0B7D1A370F280DA0C5 /* Pods_Subterminal.framework */,
				FFCD20F10CFCF8B3F7099ECF /* Pods_SubterminalTests.framework */,
				FE71E0F2EC09FE7D96059970 /* Pods_SubterminalUITests.framework */,
			);
			name = Frameworks;
			sourceTree = "<group>";
		};
		8FCA706F1E5383A100CFC903 /* Views */ = {
			isa = PBXGroup;
			children = (
				8FCA70701E5383C800CFC903 /* BaseTableCell.swift */,
				8F980D5A1E55CB9B00CDC497 /* UITextFieldStyle.swift */,
				8F980D5C1E55DD4800CDC497 /* Label.swift */,
			);
			name = Views;
			sourceTree = "<group>";
		};
		8FDADDAF1E4F9FE100A33F59 /* Utils */ = {
			isa = PBXGroup;
			children = (
				8FDADDAD1E4F9E7C00A33F59 /* API.swift */,
			);
			name = Utils;
			sourceTree = "<group>";
		};
		8FF31A9A1E4DE7AD003F3CFF = {
			isa = PBXGroup;
			children = (
				8FF31AA51E4DE7AD003F3CFF /* Subterminal */,
				8FF31ABC1E4DE7AD003F3CFF /* SubterminalTests */,
				8FF31AC71E4DE7AD003F3CFF /* SubterminalUITests */,
				8FF31AA41E4DE7AD003F3CFF /* Products */,
				F72FDEA5F219D58967687F09 /* Pods */,
				40BD3AB32E42F6D84C68C6F5 /* Frameworks */,
			);
			sourceTree = "<group>";
		};
		8FF31AA41E4DE7AD003F3CFF /* Products */ = {
			isa = PBXGroup;
			children = (
				8FF31AA31E4DE7AD003F3CFF /* Subterminal.app */,
				8FF31AB91E4DE7AD003F3CFF /* SubterminalTests.xctest */,
				8FF31AC41E4DE7AD003F3CFF /* SubterminalUITests.xctest */,
			);
			name = Products;
			sourceTree = "<group>";
		};
		8FF31AA51E4DE7AD003F3CFF /* Subterminal */ = {
			isa = PBXGroup;
			children = (
				8FDADDAF1E4F9FE100A33F59 /* Utils */,
				8FF31AEB1E4E2CB3003F3CFF /* Base */,
				8FF31AD71E4E0B74003F3CFF /* Skydive */,
				8FF31AA61E4DE7AD003F3CFF /* AppDelegate.swift */,
				8FF31AAF1E4DE7AD003F3CFF /* Assets.xcassets */,
				8FF31AB11E4DE7AD003F3CFF /* LaunchScreen.storyboard */,
				8FF31AB41E4DE7AD003F3CFF /* Info.plist */,
				8FF31AF41E4E7A93003F3CFF /* GoogleService-Info.plist */,
			);
			path = Subterminal;
			sourceTree = "<group>";
		};
		8FF31ABC1E4DE7AD003F3CFF /* SubterminalTests */ = {
			isa = PBXGroup;
			children = (
				8FF31ABD1E4DE7AD003F3CFF /* SubterminalTests.swift */,
				8FF31ABF1E4DE7AD003F3CFF /* Info.plist */,
			);
			path = SubterminalTests;
			sourceTree = "<group>";
		};
		8FF31AC71E4DE7AD003F3CFF /* SubterminalUITests */ = {
			isa = PBXGroup;
			children = (
				8FF31AC81E4DE7AD003F3CFF /* SubterminalUITests.swift */,
				8FF31ACA1E4DE7AD003F3CFF /* Info.plist */,
			);
			path = SubterminalUITests;
			sourceTree = "<group>";
		};
		8FF31AD71E4E0B74003F3CFF /* Skydive */ = {
			isa = PBXGroup;
			children = (
				8FF31AE31E4E2A37003F3CFF /* Forms */,
				8FF31ADE1E4E0E93003F3CFF /* Models */,
				8FF31ADB1E4E0E49003F3CFF /* Controllers */,
				8FF31AD81E4E0B7E003F3CFF /* Views */,
			);
			name = Skydive;
			sourceTree = "<group>";
		};
		8FF31AD81E4E0B7E003F3CFF /* Views */ = {
			isa = PBXGroup;
			children = (
				8FF31AD91E4E0BA0003F3CFF /* SkydiveTableViewCell.swift */,
				8FF31AF21E4E5DA3003F3CFF /* RigTableViewCell.swift */,
				8FA7396C1E50B69F00A08D6A /* DropzoneTableViewCell.swift */,
				8FA739701E50BE6200A08D6A /* DropzoneViewController.swift */,
				8FAD28CE1E52169F00E88E97 /* DropzoneView.swift */,
				8FCA70721E5394A200CFC903 /* GearFormView.swift */,
				8FDBAB8C1E54EF79005543C1 /* SkydiveFormView.swift */,
			);
			name = Views;
			sourceTree = "<group>";
		};
		8FF31ADB1E4E0E49003F3CFF /* Controllers */ = {
			isa = PBXGroup;
			children = (
				8FF31ADC1E4E0E67003F3CFF /* SkydiveTableViewController.swift */,
				8FF31AF01E4E5AC5003F3CFF /* GearTableController.swift */,
				8FA7396A1E50B60800A08D6A /* DropzoneTableController.swift */,
			);
			name = Controllers;
			sourceTree = "<group>";
		};
		8FF31ADE1E4E0E93003F3CFF /* Models */ = {
			isa = PBXGroup;
			children = (
				8FF31ADF1E4E0EA9003F3CFF /* Skydive.swift */,
				8FF31AE11E4E27A4003F3CFF /* Rig.swift */,
				8FF31AEE1E4E32FC003F3CFF /* Dropzone.swift */,
			);
			name = Models;
			sourceTree = "<group>";
		};
		8FF31AE31E4E2A37003F3CFF /* Forms */ = {
			isa = PBXGroup;
			children = (
				8FF31AE41E4E2A4D003F3CFF /* SkydiveForm.swift */,
				8FF31AE91E4E2BAC003F3CFF /* GearForm.swift */,
			);
			name = Forms;
			sourceTree = "<group>";
		};
		8FF31AEB1E4E2CB3003F3CFF /* Base */ = {
			isa = PBXGroup;
			children = (
				8FCA706F1E5383A100CFC903 /* Views */,
				8FDE7B4D1E51F09E00140144 /* DashboardController.swift */,
				8FF31AE61E4E2B53003F3CFF /* Form.swift */,
				8FF31AEC1E4E2D32003F3CFF /* Model.swift */,
				8FAD28CC1E52066F00E88E97 /* TabBarController.swift */,
				8FDBAB8A1E549B74005543C1 /* TableController.swift */,
			);
			name = Base;
			sourceTree = "<group>";
		};
		F72FDEA5F219D58967687F09 /* Pods */ = {
			isa = PBXGroup;
			children = (
				CE12793D9BB4E6DA2C24DB37 /* Pods-Subterminal.debug.xcconfig */,
				EF6240588169FAC4C352DF88 /* Pods-Subterminal.release.xcconfig */,
				6AD2567EB3A82DBD63672323 /* Pods-SubterminalTests.debug.xcconfig */,
				A71EEBDBC3917D07F3DDDF5A /* Pods-SubterminalTests.release.xcconfig */,
				047623246BFF1A233CCC7345 /* Pods-SubterminalUITests.debug.xcconfig */,
				4F5E13494507B978B02E1EAB /* Pods-SubterminalUITests.release.xcconfig */,
			);
			name = Pods;
			sourceTree = "<group>";
		};
/* End PBXGroup section */

/* Begin PBXNativeTarget section */
		8FF31AA21E4DE7AD003F3CFF /* Subterminal */ = {
			isa = PBXNativeTarget;
			buildConfigurationList = 8FF31ACD1E4DE7AD003F3CFF /* Build configuration list for PBXNativeTarget "Subterminal" */;
			buildPhases = (
				532D8DC6C91375247464E556 /* [CP] Check Pods Manifest.lock */,
				8FF31A9F1E4DE7AD003F3CFF /* Sources */,
				8FF31AA01E4DE7AD003F3CFF /* Frameworks */,
				8FF31AA11E4DE7AD003F3CFF /* Resources */,
				7A9714E757CCA0AE0BBD0DB8 /* [CP] Embed Pods Frameworks */,
				3E3FC64D6A04F3614ACC0545 /* [CP] Copy Pods Resources */,
			);
			buildRules = (
			);
			dependencies = (
			);
			name = Subterminal;
			productName = Subterminal;
			productReference = 8FF31AA31E4DE7AD003F3CFF /* Subterminal.app */;
			productType = "com.apple.product-type.application";
		};
		8FF31AB81E4DE7AD003F3CFF /* SubterminalTests */ = {
			isa = PBXNativeTarget;
			buildConfigurationList = 8FF31AD01E4DE7AD003F3CFF /* Build configuration list for PBXNativeTarget "SubterminalTests" */;
			buildPhases = (
				8D67B5FDA62A81DA73B5193B /* [CP] Check Pods Manifest.lock */,
				8FF31AB51E4DE7AD003F3CFF /* Sources */,
				8FF31AB61E4DE7AD003F3CFF /* Frameworks */,
				8FF31AB71E4DE7AD003F3CFF /* Resources */,
				FC79808D03C788C78882C324 /* [CP] Embed Pods Frameworks */,
				C8197173F8916C8340BFC06D /* [CP] Copy Pods Resources */,
			);
			buildRules = (
			);
			dependencies = (
				8FF31ABB1E4DE7AD003F3CFF /* PBXTargetDependency */,
			);
			name = SubterminalTests;
			productName = SubterminalTests;
			productReference = 8FF31AB91E4DE7AD003F3CFF /* SubterminalTests.xctest */;
			productType = "com.apple.product-type.bundle.unit-test";
		};
		8FF31AC31E4DE7AD003F3CFF /* SubterminalUITests */ = {
			isa = PBXNativeTarget;
			buildConfigurationList = 8FF31AD31E4DE7AD003F3CFF /* Build configuration list for PBXNativeTarget "SubterminalUITests" */;
			buildPhases = (
				90CE807E0BEBB0A3FD1DB4C0 /* [CP] Check Pods Manifest.lock */,
				8FF31AC01E4DE7AD003F3CFF /* Sources */,
				8FF31AC11E4DE7AD003F3CFF /* Frameworks */,
				8FF31AC21E4DE7AD003F3CFF /* Resources */,
				C0E15FA79AE59CA95C2B7605 /* [CP] Embed Pods Frameworks */,
				22B2A2F31C287A1E92F7EC83 /* [CP] Copy Pods Resources */,
			);
			buildRules = (
			);
			dependencies = (
				8FF31AC61E4DE7AD003F3CFF /* PBXTargetDependency */,
			);
			name = SubterminalUITests;
			productName = SubterminalUITests;
			productReference = 8FF31AC41E4DE7AD003F3CFF /* SubterminalUITests.xctest */;
			productType = "com.apple.product-type.bundle.ui-testing";
		};
/* End PBXNativeTarget section */

/* Begin PBXProject section */
		8FF31A9B1E4DE7AD003F3CFF /* Project object */ = {
			isa = PBXProject;
			attributes = {
				LastSwiftUpdateCheck = 0820;
				LastUpgradeCheck = 0820;
				ORGANIZATIONNAME = "Matthias von Bargen";
				TargetAttributes = {
					8FF31AA21E4DE7AD003F3CFF = {
						CreatedOnToolsVersion = 8.2.1;
						ProvisioningStyle = Automatic;
					};
					8FF31AB81E4DE7AD003F3CFF = {
						CreatedOnToolsVersion = 8.2.1;
						ProvisioningStyle = Automatic;
						TestTargetID = 8FF31AA21E4DE7AD003F3CFF;
					};
					8FF31AC31E4DE7AD003F3CFF = {
						CreatedOnToolsVersion = 8.2.1;
						ProvisioningStyle = Automatic;
						TestTargetID = 8FF31AA21E4DE7AD003F3CFF;
					};
				};
			};
			buildConfigurationList = 8FF31A9E1E4DE7AD003F3CFF /* Build configuration list for PBXProject "Subterminal" */;
			compatibilityVersion = "Xcode 3.2";
			developmentRegion = English;
			hasScannedForEncodings = 0;
			knownRegions = (
				en,
				Base,
			);
			mainGroup = 8FF31A9A1E4DE7AD003F3CFF;
			productRefGroup = 8FF31AA41E4DE7AD003F3CFF /* Products */;
			projectDirPath = "";
			projectRoot = "";
			targets = (
				8FF31AA21E4DE7AD003F3CFF /* Subterminal */,
				8FF31AB81E4DE7AD003F3CFF /* SubterminalTests */,
				8FF31AC31E4DE7AD003F3CFF /* SubterminalUITests */,
			);
		};
/* End PBXProject section */

/* Begin PBXResourcesBuildPhase section */
		8FF31AA11E4DE7AD003F3CFF /* Resources */ = {
			isa = PBXResourcesBuildPhase;
			buildActionMask = 2147483647;
			files = (
				8FF31AB31E4DE7AD003F3CFF /* LaunchScreen.storyboard in Resources */,
				8FF31AF51E4E7A93003F3CFF /* GoogleService-Info.plist in Resources */,
				8FF31AB01E4DE7AD003F3CFF /* Assets.xcassets in Resources */,
			);
			runOnlyForDeploymentPostprocessing = 0;
		};
		8FF31AB71E4DE7AD003F3CFF /* Resources */ = {
			isa = PBXResourcesBuildPhase;
			buildActionMask = 2147483647;
			files = (
				8FF31AF61E4E7A93003F3CFF /* GoogleService-Info.plist in Resources */,
			);
			runOnlyForDeploymentPostprocessing = 0;
		};
		8FF31AC21E4DE7AD003F3CFF /* Resources */ = {
			isa = PBXResourcesBuildPhase;
			buildActionMask = 2147483647;
			files = (
				8FF31AF71E4E7A93003F3CFF /* GoogleService-Info.plist in Resources */,
			);
			runOnlyForDeploymentPostprocessing = 0;
		};
/* End PBXResourcesBuildPhase section */

/* Begin PBXShellScriptBuildPhase section */
		22B2A2F31C287A1E92F7EC83 /* [CP] Copy Pods Resources */ = {
			isa = PBXShellScriptBuildPhase;
			buildActionMask = 2147483647;
			files = (
			);
			inputPaths = (
			);
			name = "[CP] Copy Pods Resources";
			outputPaths = (
			);
			runOnlyForDeploymentPostprocessing = 0;
			shellPath = /bin/sh;
			shellScript = "\"${SRCROOT}/Pods/Target Support Files/Pods-SubterminalUITests/Pods-SubterminalUITests-resources.sh\"\n";
			showEnvVarsInLog = 0;
		};
		3E3FC64D6A04F3614ACC0545 /* [CP] Copy Pods Resources */ = {
			isa = PBXShellScriptBuildPhase;
			buildActionMask = 2147483647;
			files = (
			);
			inputPaths = (
			);
			name = "[CP] Copy Pods Resources";
			outputPaths = (
			);
			runOnlyForDeploymentPostprocessing = 0;
			shellPath = /bin/sh;
			shellScript = "\"${SRCROOT}/Pods/Target Support Files/Pods-Subterminal/Pods-Subterminal-resources.sh\"\n";
			showEnvVarsInLog = 0;
		};
		532D8DC6C91375247464E556 /* [CP] Check Pods Manifest.lock */ = {
			isa = PBXShellScriptBuildPhase;
			buildActionMask = 2147483647;
			files = (
			);
			inputPaths = (
			);
			name = "[CP] Check Pods Manifest.lock";
			outputPaths = (
			);
			runOnlyForDeploymentPostprocessing = 0;
			shellPath = /bin/sh;
			shellScript = "diff \"${PODS_ROOT}/../Podfile.lock\" \"${PODS_ROOT}/Manifest.lock\" > /dev/null\nif [ $? != 0 ] ; then\n    # print error to STDERR\n    echo \"error: The sandbox is not in sync with the Podfile.lock. Run 'pod install' or update your CocoaPods installation.\" >&2\n    exit 1\nfi\n";
			showEnvVarsInLog = 0;
		};
		7A9714E757CCA0AE0BBD0DB8 /* [CP] Embed Pods Frameworks */ = {
			isa = PBXShellScriptBuildPhase;
			buildActionMask = 2147483647;
			files = (
			);
			inputPaths = (
			);
			name = "[CP] Embed Pods Frameworks";
			outputPaths = (
			);
			runOnlyForDeploymentPostprocessing = 0;
			shellPath = /bin/sh;
			shellScript = "\"${SRCROOT}/Pods/Target Support Files/Pods-Subterminal/Pods-Subterminal-frameworks.sh\"\n";
			showEnvVarsInLog = 0;
		};
		8D67B5FDA62A81DA73B5193B /* [CP] Check Pods Manifest.lock */ = {
			isa = PBXShellScriptBuildPhase;
			buildActionMask = 2147483647;
			files = (
			);
			inputPaths = (
			);
			name = "[CP] Check Pods Manifest.lock";
			outputPaths = (
			);
			runOnlyForDeploymentPostprocessing = 0;
			shellPath = /bin/sh;
			shellScript = "diff \"${PODS_ROOT}/../Podfile.lock\" \"${PODS_ROOT}/Manifest.lock\" > /dev/null\nif [ $? != 0 ] ; then\n    # print error to STDERR\n    echo \"error: The sandbox is not in sync with the Podfile.lock. Run 'pod install' or update your CocoaPods installation.\" >&2\n    exit 1\nfi\n";
			showEnvVarsInLog = 0;
		};
		90CE807E0BEBB0A3FD1DB4C0 /* [CP] Check Pods Manifest.lock */ = {
			isa = PBXShellScriptBuildPhase;
			buildActionMask = 2147483647;
			files = (
			);
			inputPaths = (
			);
			name = "[CP] Check Pods Manifest.lock";
			outputPaths = (
			);
			runOnlyForDeploymentPostprocessing = 0;
			shellPath = /bin/sh;
			shellScript = "diff \"${PODS_ROOT}/../Podfile.lock\" \"${PODS_ROOT}/Manifest.lock\" > /dev/null\nif [ $? != 0 ] ; then\n    # print error to STDERR\n    echo \"error: The sandbox is not in sync with the Podfile.lock. Run 'pod install' or update your CocoaPods installation.\" >&2\n    exit 1\nfi\n";
			showEnvVarsInLog = 0;
		};
		C0E15FA79AE59CA95C2B7605 /* [CP] Embed Pods Frameworks */ = {
			isa = PBXShellScriptBuildPhase;
			buildActionMask = 2147483647;
			files = (
			);
			inputPaths = (
			);
			name = "[CP] Embed Pods Frameworks";
			outputPaths = (
			);
			runOnlyForDeploymentPostprocessing = 0;
			shellPath = /bin/sh;
			shellScript = "\"${SRCROOT}/Pods/Target Support Files/Pods-SubterminalUITests/Pods-SubterminalUITests-frameworks.sh\"\n";
			showEnvVarsInLog = 0;
		};
		C8197173F8916C8340BFC06D /* [CP] Copy Pods Resources */ = {
			isa = PBXShellScriptBuildPhase;
			buildActionMask = 2147483647;
			files = (
			);
			inputPaths = (
			);
			name = "[CP] Copy Pods Resources";
			outputPaths = (
			);
			runOnlyForDeploymentPostprocessing = 0;
			shellPath = /bin/sh;
			shellScript = "\"${SRCROOT}/Pods/Target Support Files/Pods-SubterminalTests/Pods-SubterminalTests-resources.sh\"\n";
			showEnvVarsInLog = 0;
		};
		FC79808D03C788C78882C324 /* [CP] Embed Pods Frameworks */ = {
			isa = PBXShellScriptBuildPhase;
			buildActionMask = 2147483647;
			files = (
			);
			inputPaths = (
			);
			name = "[CP] Embed Pods Frameworks";
			outputPaths = (
			);
			runOnlyForDeploymentPostprocessing = 0;
			shellPath = /bin/sh;
			shellScript = "\"${SRCROOT}/Pods/Target Support Files/Pods-SubterminalTests/Pods-SubterminalTests-frameworks.sh\"\n";
			showEnvVarsInLog = 0;
		};
/* End PBXShellScriptBuildPhase section */

/* Begin PBXSourcesBuildPhase section */
		8FF31A9F1E4DE7AD003F3CFF /* Sources */ = {
			isa = PBXSourcesBuildPhase;
			buildActionMask = 2147483647;
			files = (
				8FCA70731E5394A200CFC903 /* GearFormView.swift in Sources */,
				8FF31AED1E4E2D32003F3CFF /* Model.swift in Sources */,
				8FDBAB8B1E549B74005543C1 /* TableController.swift in Sources */,
				8FF31ADD1E4E0E67003F3CFF /* SkydiveTableViewController.swift in Sources */,
				8FDBAB8D1E54EF79005543C1 /* SkydiveFormView.swift in Sources */,
				8FF31AF31E4E5DA3003F3CFF /* RigTableViewCell.swift in Sources */,
				8FAD28CD1E52066F00E88E97 /* TabBarController.swift in Sources */,
				8FA7396D1E50B69F00A08D6A /* DropzoneTableViewCell.swift in Sources */,
				8F980D5D1E55DD4800CDC497 /* Label.swift in Sources */,
				8FF31AEF1E4E32FC003F3CFF /* Dropzone.swift in Sources */,
				8FF31AA71E4DE7AD003F3CFF /* AppDelegate.swift in Sources */,
				8FA7396B1E50B60800A08D6A /* DropzoneTableController.swift in Sources */,
				8FA739711E50BE6200A08D6A /* DropzoneViewController.swift in Sources */,
				8FAD28CF1E52169F00E88E97 /* DropzoneView.swift in Sources */,
				8FF31ADA1E4E0BA0003F3CFF /* SkydiveTableViewCell.swift in Sources */,
				8FF31AE71E4E2B53003F3CFF /* Form.swift in Sources */,
				8FF31AEA1E4E2BAC003F3CFF /* GearForm.swift in Sources */,
				8FDADDAE1E4F9E7C00A33F59 /* API.swift in Sources */,
				8F980D5B1E55CB9B00CDC497 /* UITextFieldStyle.swift in Sources */,
				8FF31AE51E4E2A4D003F3CFF /* SkydiveForm.swift in Sources */,
				8FDE7B4E1E51F09E00140144 /* DashboardController.swift in Sources */,
				8FF31AF11E4E5AC5003F3CFF /* GearTableController.swift in Sources */,
				8FCA70711E5383C800CFC903 /* BaseTableCell.swift in Sources */,
				8FF31AE01E4E0EA9003F3CFF /* Skydive.swift in Sources */,
				8FF31AE21E4E27A4003F3CFF /* Rig.swift in Sources */,
			);
			runOnlyForDeploymentPostprocessing = 0;
		};
		8FF31AB51E4DE7AD003F3CFF /* Sources */ = {
			isa = PBXSourcesBuildPhase;
			buildActionMask = 2147483647;
			files = (
				8FDADDB21E4FA10300A33F59 /* API.swift in Sources */,
				8FF31ABE1E4DE7AD003F3CFF /* SubterminalTests.swift in Sources */,
			);
			runOnlyForDeploymentPostprocessing = 0;
		};
		8FF31AC01E4DE7AD003F3CFF /* Sources */ = {
			isa = PBXSourcesBuildPhase;
			buildActionMask = 2147483647;
			files = (
				8FDADDB31E4FA10300A33F59 /* API.swift in Sources */,
				8FF31AC91E4DE7AD003F3CFF /* SubterminalUITests.swift in Sources */,
			);
			runOnlyForDeploymentPostprocessing = 0;
		};
/* End PBXSourcesBuildPhase section */

/* Begin PBXTargetDependency section */
		8FF31ABB1E4DE7AD003F3CFF /* PBXTargetDependency */ = {
			isa = PBXTargetDependency;
			target = 8FF31AA21E4DE7AD003F3CFF /* Subterminal */;
			targetProxy = 8FF31ABA1E4DE7AD003F3CFF /* PBXContainerItemProxy */;
		};
		8FF31AC61E4DE7AD003F3CFF /* PBXTargetDependency */ = {
			isa = PBXTargetDependency;
			target = 8FF31AA21E4DE7AD003F3CFF /* Subterminal */;
			targetProxy = 8FF31AC51E4DE7AD003F3CFF /* PBXContainerItemProxy */;
		};
/* End PBXTargetDependency section */

/* Begin PBXVariantGroup section */
		8FF31AB11E4DE7AD003F3CFF /* LaunchScreen.storyboard */ = {
			isa = PBXVariantGroup;
			children = (
				8FF31AB21E4DE7AD003F3CFF /* Base */,
			);
			name = LaunchScreen.storyboard;
			sourceTree = "<group>";
		};
/* End PBXVariantGroup section */

/* Begin XCBuildConfiguration section */
		8FF31ACB1E4DE7AD003F3CFF /* Debug */ = {
			isa = XCBuildConfiguration;
			buildSettings = {
				ALWAYS_SEARCH_USER_PATHS = NO;
				CLANG_ANALYZER_NONNULL = YES;
				CLANG_CXX_LANGUAGE_STANDARD = "gnu++0x";
				CLANG_CXX_LIBRARY = "libc++";
				CLANG_ENABLE_MODULES = YES;
				CLANG_ENABLE_OBJC_ARC = YES;
				CLANG_WARN_BOOL_CONVERSION = YES;
				CLANG_WARN_CONSTANT_CONVERSION = YES;
				CLANG_WARN_DIRECT_OBJC_ISA_USAGE = YES_ERROR;
				CLANG_WARN_DOCUMENTATION_COMMENTS = YES;
				CLANG_WARN_EMPTY_BODY = YES;
				CLANG_WARN_ENUM_CONVERSION = YES;
				CLANG_WARN_INFINITE_RECURSION = YES;
				CLANG_WARN_INT_CONVERSION = YES;
				CLANG_WARN_OBJC_ROOT_CLASS = YES_ERROR;
				CLANG_WARN_SUSPICIOUS_MOVE = YES;
				CLANG_WARN_UNREACHABLE_CODE = YES;
				CLANG_WARN__DUPLICATE_METHOD_MATCH = YES;
				"CODE_SIGN_IDENTITY[sdk=iphoneos*]" = "iPhone Developer";
				COPY_PHASE_STRIP = NO;
				DEBUG_INFORMATION_FORMAT = dwarf;
				ENABLE_STRICT_OBJC_MSGSEND = YES;
				ENABLE_TESTABILITY = YES;
				GCC_C_LANGUAGE_STANDARD = gnu99;
				GCC_DYNAMIC_NO_PIC = NO;
				GCC_NO_COMMON_BLOCKS = YES;
				GCC_OPTIMIZATION_LEVEL = 0;
				GCC_PREPROCESSOR_DEFINITIONS = (
					"DEBUG=1",
					"$(inherited)",
				);
				GCC_WARN_64_TO_32_BIT_CONVERSION = YES;
				GCC_WARN_ABOUT_RETURN_TYPE = YES_ERROR;
				GCC_WARN_UNDECLARED_SELECTOR = YES;
				GCC_WARN_UNINITIALIZED_AUTOS = YES_AGGRESSIVE;
				GCC_WARN_UNUSED_FUNCTION = YES;
				GCC_WARN_UNUSED_VARIABLE = YES;
				IPHONEOS_DEPLOYMENT_TARGET = 10.2;
				MTL_ENABLE_DEBUG_INFO = YES;
				ONLY_ACTIVE_ARCH = YES;
				SDKROOT = iphoneos;
				SWIFT_ACTIVE_COMPILATION_CONDITIONS = DEBUG;
				SWIFT_OPTIMIZATION_LEVEL = "-Onone";
				TARGETED_DEVICE_FAMILY = "1,2";
			};
			name = Debug;
		};
		8FF31ACC1E4DE7AD003F3CFF /* Release */ = {
			isa = XCBuildConfiguration;
			buildSettings = {
				ALWAYS_SEARCH_USER_PATHS = NO;
				CLANG_ANALYZER_NONNULL = YES;
				CLANG_CXX_LANGUAGE_STANDARD = "gnu++0x";
				CLANG_CXX_LIBRARY = "libc++";
				CLANG_ENABLE_MODULES = YES;
				CLANG_ENABLE_OBJC_ARC = YES;
				CLANG_WARN_BOOL_CONVERSION = YES;
				CLANG_WARN_CONSTANT_CONVERSION = YES;
				CLANG_WARN_DIRECT_OBJC_ISA_USAGE = YES_ERROR;
				CLANG_WARN_DOCUMENTATION_COMMENTS = YES;
				CLANG_WARN_EMPTY_BODY = YES;
				CLANG_WARN_ENUM_CONVERSION = YES;
				CLANG_WARN_INFINITE_RECURSION = YES;
				CLANG_WARN_INT_CONVERSION = YES;
				CLANG_WARN_OBJC_ROOT_CLASS = YES_ERROR;
				CLANG_WARN_SUSPICIOUS_MOVE = YES;
				CLANG_WARN_UNREACHABLE_CODE = YES;
				CLANG_WARN__DUPLICATE_METHOD_MATCH = YES;
				"CODE_SIGN_IDENTITY[sdk=iphoneos*]" = "iPhone Developer";
				COPY_PHASE_STRIP = NO;
				DEBUG_INFORMATION_FORMAT = "dwarf-with-dsym";
				ENABLE_NS_ASSERTIONS = NO;
				ENABLE_STRICT_OBJC_MSGSEND = YES;
				GCC_C_LANGUAGE_STANDARD = gnu99;
				GCC_NO_COMMON_BLOCKS = YES;
				GCC_WARN_64_TO_32_BIT_CONVERSION = YES;
				GCC_WARN_ABOUT_RETURN_TYPE = YES_ERROR;
				GCC_WARN_UNDECLARED_SELECTOR = YES;
				GCC_WARN_UNINITIALIZED_AUTOS = YES_AGGRESSIVE;
				GCC_WARN_UNUSED_FUNCTION = YES;
				GCC_WARN_UNUSED_VARIABLE = YES;
				IPHONEOS_DEPLOYMENT_TARGET = 10.2;
				MTL_ENABLE_DEBUG_INFO = NO;
				SDKROOT = iphoneos;
				SWIFT_OPTIMIZATION_LEVEL = "-Owholemodule";
				TARGETED_DEVICE_FAMILY = "1,2";
				VALIDATE_PRODUCT = YES;
			};
			name = Release;
		};
		8FF31ACE1E4DE7AD003F3CFF /* Debug */ = {
			isa = XCBuildConfiguration;
			baseConfigurationReference = CE12793D9BB4E6DA2C24DB37 /* Pods-Subterminal.debug.xcconfig */;
			buildSettings = {
				ASSETCATALOG_COMPILER_APPICON_NAME = AppIcon;
				INFOPLIST_FILE = Subterminal/Info.plist;
				LD_RUNPATH_SEARCH_PATHS = "$(inherited) @executable_path/Frameworks";
				PRODUCT_BUNDLE_IDENTIFIER = mavonie.Subterminal;
				PRODUCT_NAME = "$(TARGET_NAME)";
				SWIFT_VERSION = 3.0;
			};
			name = Debug;
		};
		8FF31ACF1E4DE7AD003F3CFF /* Release */ = {
			isa = XCBuildConfiguration;
			baseConfigurationReference = EF6240588169FAC4C352DF88 /* Pods-Subterminal.release.xcconfig */;
			buildSettings = {
				ASSETCATALOG_COMPILER_APPICON_NAME = AppIcon;
				INFOPLIST_FILE = Subterminal/Info.plist;
				LD_RUNPATH_SEARCH_PATHS = "$(inherited) @executable_path/Frameworks";
				PRODUCT_BUNDLE_IDENTIFIER = mavonie.Subterminal;
				PRODUCT_NAME = "$(TARGET_NAME)";
				SWIFT_VERSION = 3.0;
			};
			name = Release;
		};
		8FF31AD11E4DE7AD003F3CFF /* Debug */ = {
			isa = XCBuildConfiguration;
			baseConfigurationReference = 6AD2567EB3A82DBD63672323 /* Pods-SubterminalTests.debug.xcconfig */;
			buildSettings = {
				ALWAYS_EMBED_SWIFT_STANDARD_LIBRARIES = YES;
				BUNDLE_LOADER = "$(TEST_HOST)";
				INFOPLIST_FILE = SubterminalTests/Info.plist;
				LD_RUNPATH_SEARCH_PATHS = "$(inherited) @executable_path/Frameworks @loader_path/Frameworks";
				PRODUCT_BUNDLE_IDENTIFIER = mavonie.SubterminalTests;
				PRODUCT_NAME = "$(TARGET_NAME)";
				SWIFT_VERSION = 3.0;
				TEST_HOST = "$(BUILT_PRODUCTS_DIR)/Subterminal.app/Subterminal";
			};
			name = Debug;
		};
		8FF31AD21E4DE7AD003F3CFF /* Release */ = {
			isa = XCBuildConfiguration;
			baseConfigurationReference = A71EEBDBC3917D07F3DDDF5A /* Pods-SubterminalTests.release.xcconfig */;
			buildSettings = {
				ALWAYS_EMBED_SWIFT_STANDARD_LIBRARIES = YES;
				BUNDLE_LOADER = "$(TEST_HOST)";
				INFOPLIST_FILE = SubterminalTests/Info.plist;
				LD_RUNPATH_SEARCH_PATHS = "$(inherited) @executable_path/Frameworks @loader_path/Frameworks";
				PRODUCT_BUNDLE_IDENTIFIER = mavonie.SubterminalTests;
				PRODUCT_NAME = "$(TARGET_NAME)";
				SWIFT_VERSION = 3.0;
				TEST_HOST = "$(BUILT_PRODUCTS_DIR)/Subterminal.app/Subterminal";
			};
			name = Release;
		};
		8FF31AD41E4DE7AD003F3CFF /* Debug */ = {
			isa = XCBuildConfiguration;
			baseConfigurationReference = 047623246BFF1A233CCC7345 /* Pods-SubterminalUITests.debug.xcconfig */;
			buildSettings = {
				ALWAYS_EMBED_SWIFT_STANDARD_LIBRARIES = YES;
				INFOPLIST_FILE = SubterminalUITests/Info.plist;
				LD_RUNPATH_SEARCH_PATHS = "$(inherited) @executable_path/Frameworks @loader_path/Frameworks";
				PRODUCT_BUNDLE_IDENTIFIER = mavonie.SubterminalUITests;
				PRODUCT_NAME = "$(TARGET_NAME)";
				SWIFT_VERSION = 3.0;
				TEST_TARGET_NAME = Subterminal;
			};
			name = Debug;
		};
		8FF31AD51E4DE7AD003F3CFF /* Release */ = {
			isa = XCBuildConfiguration;
			baseConfigurationReference = 4F5E13494507B978B02E1EAB /* Pods-SubterminalUITests.release.xcconfig */;
			buildSettings = {
				ALWAYS_EMBED_SWIFT_STANDARD_LIBRARIES = YES;
				INFOPLIST_FILE = SubterminalUITests/Info.plist;
				LD_RUNPATH_SEARCH_PATHS = "$(inherited) @executable_path/Frameworks @loader_path/Frameworks";
				PRODUCT_BUNDLE_IDENTIFIER = mavonie.SubterminalUITests;
				PRODUCT_NAME = "$(TARGET_NAME)";
				SWIFT_VERSION = 3.0;
				TEST_TARGET_NAME = Subterminal;
			};
			name = Release;
		};
/* End XCBuildConfiguration section */

/* Begin XCConfigurationList section */
		8FF31A9E1E4DE7AD003F3CFF /* Build configuration list for PBXProject "Subterminal" */ = {
			isa = XCConfigurationList;
			buildConfigurations = (
				8FF31ACB1E4DE7AD003F3CFF /* Debug */,
				8FF31ACC1E4DE7AD003F3CFF /* Release */,
			);
			defaultConfigurationIsVisible = 0;
			defaultConfigurationName = Release;
		};
		8FF31ACD1E4DE7AD003F3CFF /* Build configuration list for PBXNativeTarget "Subterminal" */ = {
			isa = XCConfigurationList;
			buildConfigurations = (
				8FF31ACE1E4DE7AD003F3CFF /* Debug */,
				8FF31ACF1E4DE7AD003F3CFF /* Release */,
			);
			defaultConfigurationIsVisible = 0;
			defaultConfigurationName = Release;
		};
		8FF31AD01E4DE7AD003F3CFF /* Build configuration list for PBXNativeTarget "SubterminalTests" */ = {
			isa = XCConfigurationList;
			buildConfigurations = (
				8FF31AD11E4DE7AD003F3CFF /* Debug */,
				8FF31AD21E4DE7AD003F3CFF /* Release */,
			);
			defaultConfigurationIsVisible = 0;
			defaultConfigurationName = Release;
		};
		8FF31AD31E4DE7AD003F3CFF /* Build configuration list for PBXNativeTarget "SubterminalUITests" */ = {
			isa = XCConfigurationList;
			buildConfigurations = (
				8FF31AD41E4DE7AD003F3CFF /* Debug */,
				8FF31AD51E4DE7AD003F3CFF /* Release */,
			);
			defaultConfigurationIsVisible = 0;
			defaultConfigurationName = Release;
		};
/* End XCConfigurationList section */
	};
	rootObject = 8FF31A9B1E4DE7AD003F3CFF /* Project object */;
}
